// !$*UTF8*$!
{
	archiveVersion = 1;
	classes = {
	};
	objectVersion = 56;
	objects = {

/* Begin PBXBuildFile section */
		881632882C91050100C76363 /* StringServiceSDK.xcframework in Frameworks */ = {isa = PBXBuildFile; fileRef = 888C81A32C9103FA0038C6FF /* StringServiceSDK.xcframework */; };
		881632892C91050100C76363 /* StringServiceSDK.xcframework in Embed Frameworks */ = {isa = PBXBuildFile; fileRef = 888C81A32C9103FA0038C6FF /* StringServiceSDK.xcframework */; settings = {ATTRIBUTES = (CodeSignOnCopy, RemoveHeadersOnCopy, ); }; };
		88A8C8DB2C8F9CD000A90361 /* ServiceStringApp.swift in Sources */ = {isa = PBXBuildFile; fileRef = 88A8C8DA2C8F9CD000A90361 /* ServiceStringApp.swift */; };
		88A8C8DD2C8F9CD000A90361 /* HomePageView.swift in Sources */ = {isa = PBXBuildFile; fileRef = 88A8C8DC2C8F9CD000A90361 /* HomePageView.swift */; };
		88A8C8DF2C8F9CD100A90361 /* Assets.xcassets in Resources */ = {isa = PBXBuildFile; fileRef = 88A8C8DE2C8F9CD100A90361 /* Assets.xcassets */; };
		88A8C8E22C8F9CD100A90361 /* Preview Assets.xcassets in Resources */ = {isa = PBXBuildFile; fileRef = 88A8C8E12C8F9CD100A90361 /* Preview Assets.xcassets */; };
		88A8C9382C8FA48100A90361 /* ViewModel.swift in Sources */ = {isa = PBXBuildFile; fileRef = 88A8C9372C8FA48100A90361 /* ViewModel.swift */; };
/* End PBXBuildFile section */

/* Begin PBXContainerItemProxy section */
		882BE7E52C8FA89E0094D216 /* PBXContainerItemProxy */ = {
			isa = PBXContainerItemProxy;
			containerPortal = 882BE7DF2C8FA89E0094D216 /* StringServiceSDK.xcodeproj */;
			proxyType = 2;
			remoteGlobalIDString = 88A8C9162C8F9F6F00A90361;
			remoteInfo = StringServiceSDK;
		};
		882BE7E72C8FA89E0094D216 /* PBXContainerItemProxy */ = {
			isa = PBXContainerItemProxy;
			containerPortal = 882BE7DF2C8FA89E0094D216 /* StringServiceSDK.xcodeproj */;
			proxyType = 2;
			remoteGlobalIDString = 88A8C9202C8F9F6F00A90361;
			remoteInfo = StringServiceSDKTests;
		};
/* End PBXContainerItemProxy section */

/* Begin PBXCopyFilesBuildPhase section */
		8816328A2C91050100C76363 /* Embed Frameworks */ = {
			isa = PBXCopyFilesBuildPhase;
			buildActionMask = 2147483647;
			dstPath = "";
			dstSubfolderSpec = 10;
			files = (
				881632892C91050100C76363 /* StringServiceSDK.xcframework in Embed Frameworks */,
			);
			name = "Embed Frameworks";
			runOnlyForDeploymentPostprocessing = 0;
		};
/* End PBXCopyFilesBuildPhase section */

/* Begin PBXFileReference section */
		882BE7D82C8FA89E0094D216 /* StringService.swift */ = {isa = PBXFileReference; lastKnownFileType = sourcecode.swift; path = StringService.swift; sourceTree = "<group>"; };
		882BE7D92C8FA89E0094D216 /* StringServiceSDK.docc */ = {isa = PBXFileReference; lastKnownFileType = folder.documentationcatalog; path = StringServiceSDK.docc; sourceTree = "<group>"; };
		882BE7DA2C8FA89E0094D216 /* StringServiceSDK.h */ = {isa = PBXFileReference; lastKnownFileType = sourcecode.c.h; path = StringServiceSDK.h; sourceTree = "<group>"; };
		882BE7DC2C8FA89E0094D216 /* StringServiceSDKTests.swift */ = {isa = PBXFileReference; lastKnownFileType = sourcecode.swift; path = StringServiceSDKTests.swift; sourceTree = "<group>"; };
		882BE7DE2C8FA89E0094D216 /* StringServiceSDK.framework */ = {isa = PBXFileReference; lastKnownFileType = wrapper.framework; path = StringServiceSDK.framework; sourceTree = "<group>"; };
		882BE7DF2C8FA89E0094D216 /* StringServiceSDK.xcodeproj */ = {isa = PBXFileReference; lastKnownFileType = "wrapper.pb-project"; path = StringServiceSDK.xcodeproj; sourceTree = "<group>"; };
		888C81942C8FAF080038C6FF /* StringServiceSDK.xcframework */ = {isa = PBXFileReference; lastKnownFileType = wrapper.xcframework; name = StringServiceSDK.xcframework; path = ../StringServiceSDK/build/StringServiceSDK.xcframework; sourceTree = "<group>"; };
		888C81A32C9103FA0038C6FF /* StringServiceSDK.xcframework */ = {isa = PBXFileReference; lastKnownFileType = wrapper.xcframework; path = StringServiceSDK.xcframework; sourceTree = "<group>"; };
		88A8C8D72C8F9CD000A90361 /* ServiceStringApp.app */ = {isa = PBXFileReference; explicitFileType = wrapper.application; includeInIndex = 0; path = ServiceStringApp.app; sourceTree = BUILT_PRODUCTS_DIR; };
		88A8C8DA2C8F9CD000A90361 /* ServiceStringApp.swift */ = {isa = PBXFileReference; lastKnownFileType = sourcecode.swift; path = ServiceStringApp.swift; sourceTree = "<group>"; };
		88A8C8DC2C8F9CD000A90361 /* HomePageView.swift */ = {isa = PBXFileReference; lastKnownFileType = sourcecode.swift; path = HomePageView.swift; sourceTree = "<group>"; };
		88A8C8DE2C8F9CD100A90361 /* Assets.xcassets */ = {isa = PBXFileReference; lastKnownFileType = folder.assetcatalog; path = Assets.xcassets; sourceTree = "<group>"; };
		88A8C8E12C8F9CD100A90361 /* Preview Assets.xcassets */ = {isa = PBXFileReference; lastKnownFileType = folder.assetcatalog; path = "Preview Assets.xcassets"; sourceTree = "<group>"; };
		88A8C9332C8FA44200A90361 /* StringServiceSDK.framework */ = {isa = PBXFileReference; lastKnownFileType = wrapper.framework; name = StringServiceSDK.framework; path = ../StringServiceSDK/StringServiceSDK.framework; sourceTree = "<group>"; };
		88A8C9372C8FA48100A90361 /* ViewModel.swift */ = {isa = PBXFileReference; lastKnownFileType = sourcecode.swift; path = ViewModel.swift; sourceTree = "<group>"; };
/* End PBXFileReference section */

/* Begin PBXFrameworksBuildPhase section */
		88A8C8D42C8F9CD000A90361 /* Frameworks */ = {
			isa = PBXFrameworksBuildPhase;
			buildActionMask = 2147483647;
			files = (
				881632882C91050100C76363 /* StringServiceSDK.xcframework in Frameworks */,
			);
			runOnlyForDeploymentPostprocessing = 0;
		};
/* End PBXFrameworksBuildPhase section */

/* Begin PBXGroup section */
		882BE7DB2C8FA89E0094D216 /* StringServiceSDK */ = {
			isa = PBXGroup;
			children = (
				882BE7D82C8FA89E0094D216 /* StringService.swift */,
				882BE7D92C8FA89E0094D216 /* StringServiceSDK.docc */,
				882BE7DA2C8FA89E0094D216 /* StringServiceSDK.h */,
			);
			path = StringServiceSDK;
			sourceTree = "<group>";
		};
		882BE7DD2C8FA89E0094D216 /* StringServiceSDKTests */ = {
			isa = PBXGroup;
			children = (
				882BE7DC2C8FA89E0094D216 /* StringServiceSDKTests.swift */,
			);
			path = StringServiceSDKTests;
			sourceTree = "<group>";
		};
		882BE7E02C8FA89E0094D216 /* StringServiceSDK */ = {
			isa = PBXGroup;
			children = (
				882BE7DB2C8FA89E0094D216 /* StringServiceSDK */,
				882BE7DD2C8FA89E0094D216 /* StringServiceSDKTests */,
				882BE7DE2C8FA89E0094D216 /* StringServiceSDK.framework */,
				882BE7DF2C8FA89E0094D216 /* StringServiceSDK.xcodeproj */,
			);
			name = StringServiceSDK;
			path = ../StringServiceSDK;
			sourceTree = "<group>";
		};
		882BE7E12C8FA89E0094D216 /* Products */ = {
			isa = PBXGroup;
			children = (
				882BE7E62C8FA89E0094D216 /* StringServiceSDK.framework */,
				882BE7E82C8FA89E0094D216 /* StringServiceSDKTests.xctest */,
			);
			name = Products;
			sourceTree = "<group>";
		};
		88A8C8CE2C8F9CD000A90361 = {
			isa = PBXGroup;
			children = (
				88A8C8D92C8F9CD000A90361 /* ServiceStringApp */,
				88A8C8D82C8F9CD000A90361 /* Products */,
				88A8C9322C8FA3ED00A90361 /* Frameworks */,
			);
			sourceTree = "<group>";
		};
		88A8C8D82C8F9CD000A90361 /* Products */ = {
			isa = PBXGroup;
			children = (
				88A8C8D72C8F9CD000A90361 /* ServiceStringApp.app */,
			);
			name = Products;
			sourceTree = "<group>";
		};
		88A8C8D92C8F9CD000A90361 /* ServiceStringApp */ = {
			isa = PBXGroup;
			children = (
				88A8C8DA2C8F9CD000A90361 /* ServiceStringApp.swift */,
				88A8C8DC2C8F9CD000A90361 /* HomePageView.swift */,
				88A8C9372C8FA48100A90361 /* ViewModel.swift */,
				88A8C8DE2C8F9CD100A90361 /* Assets.xcassets */,
				88A8C8E02C8F9CD100A90361 /* Preview Content */,
			);
			path = ServiceStringApp;
			sourceTree = "<group>";
		};
		88A8C8E02C8F9CD100A90361 /* Preview Content */ = {
			isa = PBXGroup;
			children = (
				88A8C8E12C8F9CD100A90361 /* Preview Assets.xcassets */,
			);
			path = "Preview Content";
			sourceTree = "<group>";
		};
		88A8C9322C8FA3ED00A90361 /* Frameworks */ = {
			isa = PBXGroup;
			children = (
				888C81942C8FAF080038C6FF /* StringServiceSDK.xcframework */,
				888C81A32C9103FA0038C6FF /* StringServiceSDK.xcframework */,
				882BE7E02C8FA89E0094D216 /* StringServiceSDK */,
				88A8C9332C8FA44200A90361 /* StringServiceSDK.framework */,
			);
			name = Frameworks;
			sourceTree = "<group>";
		};
/* End PBXGroup section */

/* Begin PBXNativeTarget section */
		88A8C8D62C8F9CD000A90361 /* ServiceStringApp */ = {
			isa = PBXNativeTarget;
			buildConfigurationList = 88A8C8E52C8F9CD100A90361 /* Build configuration list for PBXNativeTarget "ServiceStringApp" */;
			buildPhases = (
				88A8C8D32C8F9CD000A90361 /* Sources */,
				88A8C8D42C8F9CD000A90361 /* Frameworks */,
				88A8C8D52C8F9CD000A90361 /* Resources */,
				8816328A2C91050100C76363 /* Embed Frameworks */,
			);
			buildRules = (
			);
			dependencies = (
			);
			name = ServiceStringApp;
			productName = ServiceStringApp;
			productReference = 88A8C8D72C8F9CD000A90361 /* ServiceStringApp.app */;
			productType = "com.apple.product-type.application";
		};
/* End PBXNativeTarget section */

/* Begin PBXProject section */
		88A8C8CF2C8F9CD000A90361 /* Project object */ = {
			isa = PBXProject;
			attributes = {
				BuildIndependentTargetsInParallel = 1;
				LastSwiftUpdateCheck = 1540;
				LastUpgradeCheck = 1540;
				TargetAttributes = {
					88A8C8D62C8F9CD000A90361 = {
						CreatedOnToolsVersion = 15.4;
					};
				};
			};
			buildConfigurationList = 88A8C8D22C8F9CD000A90361 /* Build configuration list for PBXProject "ServiceStringApp" */;
			compatibilityVersion = "Xcode 14.0";
			developmentRegion = en;
			hasScannedForEncodings = 0;
			knownRegions = (
				en,
				Base,
			);
			mainGroup = 88A8C8CE2C8F9CD000A90361;
			productRefGroup = 88A8C8D82C8F9CD000A90361 /* Products */;
			projectDirPath = "";
			projectReferences = (
				{
					ProductGroup = 882BE7E12C8FA89E0094D216 /* Products */;
					ProjectRef = 882BE7DF2C8FA89E0094D216 /* StringServiceSDK.xcodeproj */;
				},
			);
			projectRoot = "";
			targets = (
				88A8C8D62C8F9CD000A90361 /* ServiceStringApp */,
			);
		};
/* End PBXProject section */

/* Begin PBXReferenceProxy section */
		882BE7E62C8FA89E0094D216 /* StringServiceSDK.framework */ = {
			isa = PBXReferenceProxy;
			fileType = wrapper.framework;
			path = StringServiceSDK.framework;
			remoteRef = 882BE7E52C8FA89E0094D216 /* PBXContainerItemProxy */;
			sourceTree = BUILT_PRODUCTS_DIR;
		};
		882BE7E82C8FA89E0094D216 /* StringServiceSDKTests.xctest */ = {
			isa = PBXReferenceProxy;
			fileType = wrapper.cfbundle;
			path = StringServiceSDKTests.xctest;
			remoteRef = 882BE7E72C8FA89E0094D216 /* PBXContainerItemProxy */;
			sourceTree = BUILT_PRODUCTS_DIR;
		};
/* End PBXReferenceProxy section */

/* Begin PBXResourcesBuildPhase section */
		88A8C8D52C8F9CD000A90361 /* Resources */ = {
			isa = PBXResourcesBuildPhase;
			buildActionMask = 2147483647;
			files = (
				88A8C8E22C8F9CD100A90361 /* Preview Assets.xcassets in Resources */,
				88A8C8DF2C8F9CD100A90361 /* Assets.xcassets in Resources */,
			);
			runOnlyForDeploymentPostprocessing = 0;
		};
/* End PBXResourcesBuildPhase section */

/* Begin PBXSourcesBuildPhase section */
		88A8C8D32C8F9CD000A90361 /* Sources */ = {
			isa = PBXSourcesBuildPhase;
			buildActionMask = 2147483647;
			files = (
				88A8C8DD2C8F9CD000A90361 /* HomePageView.swift in Sources */,
				88A8C9382C8FA48100A90361 /* ViewModel.swift in Sources */,
				88A8C8DB2C8F9CD000A90361 /* ServiceStringApp.swift in Sources */,
			);
			runOnlyForDeploymentPostprocessing = 0;
		};
/* End PBXSourcesBuildPhase section */

/* Begin XCBuildConfiguration section */
		88A8C8E32C8F9CD100A90361 /* Debug */ = {
			isa = XCBuildConfiguration;
			buildSettings = {
				ALWAYS_SEARCH_USER_PATHS = NO;
				ASSETCATALOG_COMPILER_GENERATE_SWIFT_ASSET_SYMBOL_EXTENSIONS = YES;
				CLANG_ANALYZER_NONNULL = YES;
				CLANG_ANALYZER_NUMBER_OBJECT_CONVERSION = YES_AGGRESSIVE;
				CLANG_CXX_LANGUAGE_STANDARD = "gnu++20";
				CLANG_ENABLE_MODULES = YES;
				CLANG_ENABLE_OBJC_ARC = YES;
				CLANG_ENABLE_OBJC_WEAK = YES;
				CLANG_WARN_BLOCK_CAPTURE_AUTORELEASING = YES;
				CLANG_WARN_BOOL_CONVERSION = YES;
				CLANG_WARN_COMMA = YES;
				CLANG_WARN_CONSTANT_CONVERSION = YES;
				CLANG_WARN_DEPRECATED_OBJC_IMPLEMENTATIONS = YES;
				CLANG_WARN_DIRECT_OBJC_ISA_USAGE = YES_ERROR;
				CLANG_WARN_DOCUMENTATION_COMMENTS = YES;
				CLANG_WARN_EMPTY_BODY = YES;
				CLANG_WARN_ENUM_CONVERSION = YES;
				CLANG_WARN_INFINITE_RECURSION = YES;
				CLANG_WARN_INT_CONVERSION = YES;
				CLANG_WARN_NON_LITERAL_NULL_CONVERSION = YES;
				CLANG_WARN_OBJC_IMPLICIT_RETAIN_SELF = YES;
				CLANG_WARN_OBJC_LITERAL_CONVERSION = YES;
				CLANG_WARN_OBJC_ROOT_CLASS = YES_ERROR;
				CLANG_WARN_QUOTED_INCLUDE_IN_FRAMEWORK_HEADER = YES;
				CLANG_WARN_RANGE_LOOP_ANALYSIS = YES;
				CLANG_WARN_STRICT_PROTOTYPES = YES;
				CLANG_WARN_SUSPICIOUS_MOVE = YES;
				CLANG_WARN_UNGUARDED_AVAILABILITY = YES_AGGRESSIVE;
				CLANG_WARN_UNREACHABLE_CODE = YES;
				CLANG_WARN__DUPLICATE_METHOD_MATCH = YES;
				COPY_PHASE_STRIP = NO;
				DEBUG_INFORMATION_FORMAT = dwarf;
				ENABLE_STRICT_OBJC_MSGSEND = YES;
				ENABLE_TESTABILITY = YES;
				ENABLE_USER_SCRIPT_SANDBOXING = YES;
				GCC_C_LANGUAGE_STANDARD = gnu17;
				GCC_DYNAMIC_NO_PIC = NO;
				GCC_NO_COMMON_BLOCKS = YES;
				GCC_OPTIMIZATION_LEVEL = 0;
				GCC_PREPROCESSOR_DEFINITIONS = (
					"DEBUG=1",
					"$(inherited)",
				);
				GCC_WARN_64_TO_32_BIT_CONVERSION = YES;
				GCC_WARN_ABOUT_RETURN_TYPE = YES_ERROR;
				GCC_WARN_UNDECLARED_SELECTOR = YES;
				GCC_WARN_UNINITIALIZED_AUTOS = YES_AGGRESSIVE;
				GCC_WARN_UNUSED_FUNCTION = YES;
				GCC_WARN_UNUSED_VARIABLE = YES;
				IPHONEOS_DEPLOYMENT_TARGET = 17.5;
				LOCALIZATION_PREFERS_STRING_CATALOGS = YES;
				MTL_ENABLE_DEBUG_INFO = INCLUDE_SOURCE;
				MTL_FAST_MATH = YES;
				ONLY_ACTIVE_ARCH = YES;
				SDKROOT = iphoneos;
				SWIFT_ACTIVE_COMPILATION_CONDITIONS = "DEBUG $(inherited)";
				SWIFT_OPTIMIZATION_LEVEL = "-Onone";
			};
			name = Debug;
		};
		88A8C8E42C8F9CD100A90361 /* Release */ = {
			isa = XCBuildConfiguration;
			buildSettings = {
				ALWAYS_SEARCH_USER_PATHS = NO;
				ASSETCATALOG_COMPILER_GENERATE_SWIFT_ASSET_SYMBOL_EXTENSIONS = YES;
				CLANG_ANALYZER_NONNULL = YES;
				CLANG_ANALYZER_NUMBER_OBJECT_CONVERSION = YES_AGGRESSIVE;
				CLANG_CXX_LANGUAGE_STANDARD = "gnu++20";
				CLANG_ENABLE_MODULES = YES;
				CLANG_ENABLE_OBJC_ARC = YES;
				CLANG_ENABLE_OBJC_WEAK = YES;
				CLANG_WARN_BLOCK_CAPTURE_AUTORELEASING = YES;
				CLANG_WARN_BOOL_CONVERSION = YES;
				CLANG_WARN_COMMA = YES;
				CLANG_WARN_CONSTANT_CONVERSION = YES;
				CLANG_WARN_DEPRECATED_OBJC_IMPLEMENTATIONS = YES;
				CLANG_WARN_DIRECT_OBJC_ISA_USAGE = YES_ERROR;
				CLANG_WARN_DOCUMENTATION_COMMENTS = YES;
				CLANG_WARN_EMPTY_BODY = YES;
				CLANG_WARN_ENUM_CONVERSION = YES;
				CLANG_WARN_INFINITE_RECURSION = YES;
				CLANG_WARN_INT_CONVERSION = YES;
				CLANG_WARN_NON_LITERAL_NULL_CONVERSION = YES;
				CLANG_WARN_OBJC_IMPLICIT_RETAIN_SELF = YES;
				CLANG_WARN_OBJC_LITERAL_CONVERSION = YES;
				CLANG_WARN_OBJC_ROOT_CLASS = YES_ERROR;
				CLANG_WARN_QUOTED_INCLUDE_IN_FRAMEWORK_HEADER = YES;
				CLANG_WARN_RANGE_LOOP_ANALYSIS = YES;
				CLANG_WARN_STRICT_PROTOTYPES = YES;
				CLANG_WARN_SUSPICIOUS_MOVE = YES;
				CLANG_WARN_UNGUARDED_AVAILABILITY = YES_AGGRESSIVE;
				CLANG_WARN_UNREACHABLE_CODE = YES;
				CLANG_WARN__DUPLICATE_METHOD_MATCH = YES;
				COPY_PHASE_STRIP = NO;
				DEBUG_INFORMATION_FORMAT = "dwarf-with-dsym";
				ENABLE_NS_ASSERTIONS = NO;
				ENABLE_STRICT_OBJC_MSGSEND = YES;
				ENABLE_USER_SCRIPT_SANDBOXING = YES;
				GCC_C_LANGUAGE_STANDARD = gnu17;
				GCC_NO_COMMON_BLOCKS = YES;
				GCC_WARN_64_TO_32_BIT_CONVERSION = YES;
				GCC_WARN_ABOUT_RETURN_TYPE = YES_ERROR;
				GCC_WARN_UNDECLARED_SELECTOR = YES;
				GCC_WARN_UNINITIALIZED_AUTOS = YES_AGGRESSIVE;
				GCC_WARN_UNUSED_FUNCTION = YES;
				GCC_WARN_UNUSED_VARIABLE = YES;
				IPHONEOS_DEPLOYMENT_TARGET = 17.5;
				LOCALIZATION_PREFERS_STRING_CATALOGS = YES;
				MTL_ENABLE_DEBUG_INFO = NO;
				MTL_FAST_MATH = YES;
				SDKROOT = iphoneos;
				SWIFT_COMPILATION_MODE = wholemodule;
				VALIDATE_PRODUCT = YES;
			};
			name = Release;
		};
		88A8C8E62C8F9CD100A90361 /* Debug */ = {
			isa = XCBuildConfiguration;
			buildSettings = {
				ASSETCATALOG_COMPILER_APPICON_NAME = AppIcon;
				ASSETCATALOG_COMPILER_GLOBAL_ACCENT_COLOR_NAME = AccentColor;
				CODE_SIGN_STYLE = Automatic;
				CURRENT_PROJECT_VERSION = 1;
				DEVELOPMENT_ASSET_PATHS = "\"ServiceStringApp/Preview Content\"";
				DEVELOPMENT_TEAM = P24C4Q2J2Y;
				ENABLE_PREVIEWS = YES;
				GENERATE_INFOPLIST_FILE = YES;
				INFOPLIST_KEY_UIApplicationSceneManifest_Generation = YES;
				INFOPLIST_KEY_UIApplicationSupportsIndirectInputEvents = YES;
				INFOPLIST_KEY_UILaunchScreen_Generation = YES;
				INFOPLIST_KEY_UISupportedInterfaceOrientations_iPad = "UIInterfaceOrientationPortrait UIInterfaceOrientationPortraitUpsideDown UIInterfaceOrientationLandscapeLeft UIInterfaceOrientationLandscapeRight";
				INFOPLIST_KEY_UISupportedInterfaceOrientations_iPhone = "UIInterfaceOrientationPortrait UIInterfaceOrientationLandscapeLeft UIInterfaceOrientationLandscapeRight";
				LD_RUNPATH_SEARCH_PATHS = (
					"$(inherited)",
					"@executable_path/Frameworks",
				);
				MARKETING_VERSION = 1.0;
				PRODUCT_BUNDLE_IDENTIFIER = com.nunomendonca.ServiceStringApp;
				PRODUCT_NAME = "$(TARGET_NAME)";
				SWIFT_EMIT_LOC_STRINGS = YES;
				SWIFT_VERSION = 5.0;
				TARGETED_DEVICE_FAMILY = "1,2";
			};
			name = Debug;
		};
		88A8C8E72C8F9CD100A90361 /* Release */ = {
			isa = XCBuildConfiguration;
			buildSettings = {
				ASSETCATALOG_COMPILER_APPICON_NAME = AppIcon;
				ASSETCATALOG_COMPILER_GLOBAL_ACCENT_COLOR_NAME = AccentColor;
				CODE_SIGN_STYLE = Automatic;
				CURRENT_PROJECT_VERSION = 1;
				DEVELOPMENT_ASSET_PATHS = "\"ServiceStringApp/Preview Content\"";
				DEVELOPMENT_TEAM = P24C4Q2J2Y;
				ENABLE_PREVIEWS = YES;
				GENERATE_INFOPLIST_FILE = YES;
				INFOPLIST_KEY_UIApplicationSceneManifest_Generation = YES;
				INFOPLIST_KEY_UIApplicationSupportsIndirectInputEvents = YES;
				INFOPLIST_KEY_UILaunchScreen_Generation = YES;
				INFOPLIST_KEY_UISupportedInterfaceOrientations_iPad = "UIInterfaceOrientationPortrait UIInterfaceOrientationPortraitUpsideDown UIInterfaceOrientationLandscapeLeft UIInterfaceOrientationLandscapeRight";
				INFOPLIST_KEY_UISupportedInterfaceOrientations_iPhone = "UIInterfaceOrientationPortrait UIInterfaceOrientationLandscapeLeft UIInterfaceOrientationLandscapeRight";
				LD_RUNPATH_SEARCH_PATHS = (
					"$(inherited)",
					"@executable_path/Frameworks",
				);
				MARKETING_VERSION = 1.0;
				PRODUCT_BUNDLE_IDENTIFIER = com.nunomendonca.ServiceStringApp;
				PRODUCT_NAME = "$(TARGET_NAME)";
				SWIFT_EMIT_LOC_STRINGS = YES;
				SWIFT_VERSION = 5.0;
				TARGETED_DEVICE_FAMILY = "1,2";
			};
			name = Release;
		};
/* End XCBuildConfiguration section */

/* Begin XCConfigurationList section */
		88A8C8D22C8F9CD000A90361 /* Build configuration list for PBXProject "ServiceStringApp" */ = {
			isa = XCConfigurationList;
			buildConfigurations = (
				88A8C8E32C8F9CD100A90361 /* Debug */,
				88A8C8E42C8F9CD100A90361 /* Release */,
			);
			defaultConfigurationIsVisible = 0;
			defaultConfigurationName = Release;
		};
		88A8C8E52C8F9CD100A90361 /* Build configuration list for PBXNativeTarget "ServiceStringApp" */ = {
			isa = XCConfigurationList;
			buildConfigurations = (
				88A8C8E62C8F9CD100A90361 /* Debug */,
				88A8C8E72C8F9CD100A90361 /* Release */,
			);
			defaultConfigurationIsVisible = 0;
			defaultConfigurationName = Release;
		};
/* End XCConfigurationList section */
	};
	rootObject = 88A8C8CF2C8F9CD000A90361 /* Project object */;
}
